
Microsoft Visual Studio Solution File, Format Version 12.00
# Visual Studio Version 16
VisualStudioVersion = 16.0.31729.503
MinimumVisualStudioVersion = 10.0.40219.1
Project("{FAE04EC0-301F-11D3-BF4B-00C04F79EFBC}") = "WithoutGenericsMaxOfThreeIntegers", "WithoutGenericsMaxOfThreeIntegers\WithoutGenericsMaxOfThreeIntegers.csproj", "{CA05D079-40C0-4AAF-860B-7E453039694C}"
EndProject
Global
	GlobalSection(SolutionConfigurationPlatforms) = preSolution
		Debug|Any CPU = Debug|Any CPU
		Release|Any CPU = Release|Any CPU
	EndGlobalSection
	GlobalSection(ProjectConfigurationPlatforms) = postSolution
		{CA05D079-40C0-4AAF-860B-7E453039694C}.Debug|Any CPU.ActiveCfg = Debug|Any CPU
		{CA05D079-40C0-4AAF-860B-7E453039694C}.Debug|Any CPU.Build.0 = Debug|Any CPU
		{CA05D079-40C0-4AAF-860B-7E453039694C}.Release|Any CPU.ActiveCfg = Release|Any CPU
		{CA05D079-40C0-4AAF-860B-7E453039694C}.Release|Any CPU.Build.0 = Release|Any CPU
	EndGlobalSection
	GlobalSection(SolutionProperties) = preSolution
		HideSolutionNode = FALSE
	EndGlobalSection
	GlobalSection(ExtensibilityGlobals) = postSolution
		SolutionGuid = {04E56A87-AD40-40C4-9E06-1AAF54D6B686}
	EndGlobalSection
EndGlobal
